github.com/pkg/errors v0.8.1 h1:iURUrRGxPUNPdy5/HRSm+Yj6okJ6UtLINN0Q9M4+h3I=
github.com/pkg/errors v0.8.1/go.mod h1:bwawxfHBFNV+L2hUp1rHADufV3IMtnDRdf1r5NINEl0=
go.uber.org/ratelimit v0.1.0 h1:U2AruXqeTb4Eh9sYQSTrMhH8Cb7M0Ian2ibBOnBcnAw=
go.uber.org/ratelimit v0.1.0/go.mod h1:2X8KaoNd1J0lZV+PxJk/5+DGbO/tpwLR1m++a7FnB/Y=
